
Microsoft Visual Studio Solution File, Format Version 12.00
# Visual Studio Version 16
VisualStudioVersion = 16.0.30128.74
MinimumVisualStudioVersion = 10.0.40219.1
Project("{FAE04EC0-301F-11D3-BF4B-00C04F79EFBC}") = "project-sem-3-api", "project-sem-3-api\project-sem-3-api.csproj", "{F3D3AC71-EBDA-4262-ABE7-C9D82109023A}"
EndProject
Global
	GlobalSection(SolutionConfigurationPlatforms) = preSolution
		Debug|Any CPU = Debug|Any CPU
		Release|Any CPU = Release|Any CPU
	EndGlobalSection
	GlobalSection(ProjectConfigurationPlatforms) = postSolution
		{F3D3AC71-EBDA-4262-ABE7-C9D82109023A}.Debug|Any CPU.ActiveCfg = Debug|Any CPU
		{F3D3AC71-EBDA-4262-ABE7-C9D82109023A}.Debug|Any CPU.Build.0 = Debug|Any CPU
		{F3D3AC71-EBDA-4262-ABE7-C9D82109023A}.Release|Any CPU.ActiveCfg = Release|Any CPU
		{F3D3AC71-EBDA-4262-ABE7-C9D82109023A}.Release|Any CPU.Build.0 = Release|Any CPU
	EndGlobalSection
	GlobalSection(SolutionProperties) = preSolution
		HideSolutionNode = FALSE
	EndGlobalSection
	GlobalSection(ExtensibilityGlobals) = postSolution
		SolutionGuid = {C85017F9-F9E4-4C95-AB06-02CF80BADCA0}
	EndGlobalSection
EndGlobal
